
Microsoft Visual Studio Solution File, Format Version 12.00
# Visual Studio Version 17
VisualStudioVersion = 17.14.37411.7 d17.14
MinimumVisualStudioVersion = 10.0.40219.1
Project("{FAE04EC0-301F-11D3-BF4B-00C04F79EFBC}") = "WebApplication5", "WebApplication5\WebApplication5.csproj", "{52050487-5FA4-4351-B51E-FC236914947A}"
EndProject
Global
	GlobalSection(SolutionConfigurationPlatforms) = preSolution
		Debug|Any CPU = Debug|Any CPU
		Release|Any CPU = Release|Any CPU
	EndGlobalSection
	GlobalSection(ProjectConfigurationPlatforms) = postSolution
		{52050487-5FA4-4351-B51E-FC236914947A}.Debug|Any CPU.ActiveCfg = Debug|Any CPU
		{52050487-5FA4-4351-B51E-FC236914947A}.Debug|Any CPU.Build.0 = Debug|Any CPU
		{52050487-5FA4-4351-B51E-FC236914947A}.Release|Any CPU.ActiveCfg = Release|Any CPU
		{52050487-5FA4-4351-B51E-FC236914947A}.Release|Any CPU.Build.0 = Release|Any CPU
	EndGlobalSection
	GlobalSection(SolutionProperties) = preSolution
		HideSolutionNode = FALSE
	EndGlobalSection
	GlobalSection(ExtensibilityGlobals) = postSolution
		SolutionGuid = {2D363974-B293-42D7-A07C-70F91D2B860F}
	EndGlobalSection
EndGlobal
